
Microsoft Visual Studio Solution File, Format Version 12.00
# Visual Studio Version 17
VisualStudioVersion = 17.14.36908.2 d17.14
MinimumVisualStudioVersion = 10.0.40219.1
Project("{FAE04EC0-301F-11D3-BF4B-00C04F79EFBC}") = "AnimalMatchingGame", "AnimalMatchingGame\AnimalMatchingGame.csproj", "{A1C8A3EA-7100-46A2-A355-43A9DDAC7DBB}"
EndProject
Global
	GlobalSection(SolutionConfigurationPlatforms) = preSolution
		Debug|Any CPU = Debug|Any CPU
		Release|Any CPU = Release|Any CPU
	EndGlobalSection
	GlobalSection(ProjectConfigurationPlatforms) = postSolution
		{A1C8A3EA-7100-46A2-A355-43A9DDAC7DBB}.Debug|Any CPU.ActiveCfg = Debug|Any CPU
		{A1C8A3EA-7100-46A2-A355-43A9DDAC7DBB}.Debug|Any CPU.Build.0 = Debug|Any CPU
		{A1C8A3EA-7100-46A2-A355-43A9DDAC7DBB}.Release|Any CPU.ActiveCfg = Release|Any CPU
		{A1C8A3EA-7100-46A2-A355-43A9DDAC7DBB}.Release|Any CPU.Build.0 = Release|Any CPU
	EndGlobalSection
	GlobalSection(SolutionProperties) = preSolution
		HideSolutionNode = FALSE
	EndGlobalSection
	GlobalSection(ExtensibilityGlobals) = postSolution
		SolutionGuid = {DA98FE4A-1A59-4038-B0B4-77FFA1046AFA}
	EndGlobalSection
EndGlobal
